
Microsoft Visual Studio Solution File, Format Version 12.00
# Visual Studio 15
VisualStudioVersion = 15.0.28307.271
MinimumVisualStudioVersion = 10.0.40219.1
Project("{2150E333-8FDC-42A3-9474-1A3956D46DE8}") = "Samples", "Samples", "{76A01D7E-9530-4218-BCBC-96AB1BAB1360}"
EndProject
Project("{FAE04EC0-301F-11D3-BF4B-00C04F79EFBC}") = "SimpleImageButton.Sample.Android", "Samples\SimpleImageButton.Sample.Android\SimpleImageButton.Sample.Android.csproj", "{D975ED0B-DD32-4428-B335-83EF3FD3C35B}"
EndProject
Project("{FAE04EC0-301F-11D3-BF4B-00C04F79EFBC}") = "SimpleImageButton.Sample.iOS", "Samples\SimpleImageButton.Sample.iOS\SimpleImageButton.Sample.iOS.csproj", "{29A96262-581A-4AC1-BD38-B4E08F7F928D}"
EndProject
Project("{9A19103F-16F7-4668-BE54-9A1E7A4F7556}") = "SimpleImageButton.Sample", "Samples\SimpleImageButton.Sample\SimpleImageButton.Sample.csproj", "{695F8122-EF0E-4663-BE70-427CFF8B2DC0}"
EndProject
Project("{2150E333-8FDC-42A3-9474-1A3956D46DE8}") = "src", "src", "{C0392AD9-0CC2-4D48-857C-B5A8DCBB9DB4}"
EndProject
Project("{FAE04EC0-301F-11D3-BF4B-00C04F79EFBC}") = "SimpleImageButton.Sample.macOS", "Samples\SimpleImageButton.Sample.macOS\SimpleImageButton.Sample.macOS.csproj", "{D61C0D69-41D7-45EF-9B8A-D77A96BDFD26}"
EndProject
Project("{FAE04EC0-301F-11D3-BF4B-00C04F79EFBC}") = "SimpleImageButton.Sample.UWP", "Samples\SimpleImageButton.Sample.UWP\SimpleImageButton.Sample.UWP.csproj", "{89D27263-5530-41CD-A66D-1760E44F4AC3}"
EndProject
Project("{2150E333-8FDC-42A3-9474-1A3956D46DE8}") = "lib", "lib", "{1B08709E-FBB4-47A5-9CD5-6FD01F8DBD78}"
EndProject
Project("{9A19103F-16F7-4668-BE54-9A1E7A4F7556}") = "SimpleImageButton", "src\lib\SimpleImageButton\SimpleImageButton.csproj", "{DC67550A-7557-469D-A0F8-C67B4125659D}"
EndProject
Project("{FAE04EC0-301F-11D3-BF4B-00C04F79EFBC}") = "SimpleImageButton.Tizen", "Samples\SimpleImageButton.Tizen\SimpleImageButton.Tizen\SimpleImageButton.Tizen.csproj", "{60AA1584-49E3-475F-A5B8-736737AA8CED}"
EndProject
Global
	GlobalSection(SolutionConfigurationPlatforms) = preSolution
		Debug|Any CPU = Debug|Any CPU
		Debug|ARM = Debug|ARM
		Debug|ARM64 = Debug|ARM64
		Debug|iPhone = Debug|iPhone
		Debug|iPhoneSimulator = Debug|iPhoneSimulator
		Debug|x64 = Debug|x64
		Debug|x86 = Debug|x86
		Release|Any CPU = Release|Any CPU
		Release|ARM = Release|ARM
		Release|ARM64 = Release|ARM64
		Release|iPhone = Release|iPhone
		Release|iPhoneSimulator = Release|iPhoneSimulator
		Release|x64 = Release|x64
		Release|x86 = Release|x86
	EndGlobalSection
	GlobalSection(ProjectConfigurationPlatforms) = postSolution
		{D975ED0B-DD32-4428-B335-83EF3FD3C35B}.Debug|Any CPU.ActiveCfg = Debug|Any CPU
		{D975ED0B-DD32-4428-B335-83EF3FD3C35B}.Debug|Any CPU.Build.0 = Debug|Any CPU
		{D975ED0B-DD32-4428-B335-83EF3FD3C35B}.Debug|Any CPU.Deploy.0 = Debug|Any CPU
		{D975ED0B-DD32-4428-B335-83EF3FD3C35B}.Debug|ARM.ActiveCfg = Debug|Any CPU
		{D975ED0B-DD32-4428-B335-83EF3FD3C35B}.Debug|ARM.Build.0 = Debug|Any CPU
		{D975ED0B-DD32-4428-B335-83EF3FD3C35B}.Debug|ARM.Deploy.0 = Debug|Any CPU
		{D975ED0B-DD32-4428-B335-83EF3FD3C35B}.Debug|ARM64.ActiveCfg = Debug|Any CPU
		{D975ED0B-DD32-4428-B335-83EF3FD3C35B}.Debug|ARM64.Build.0 = Debug|Any CPU
		{D975ED0B-DD32-4428-B335-83EF3FD3C35B}.Debug|ARM64.Deploy.0 = Debug|Any CPU
		{D975ED0B-DD32-4428-B335-83EF3FD3C35B}.Debug|iPhone.ActiveCfg = Debug|Any CPU
		{D975ED0B-DD32-4428-B335-83EF3FD3C35B}.Debug|iPhoneSimulator.ActiveCfg = Debug|Any CPU
		{D975ED0B-DD32-4428-B335-83EF3FD3C35B}.Debug|x64.ActiveCfg = Debug|Any CPU
		{D975ED0B-DD32-4428-B335-83EF3FD3C35B}.Debug|x64.Build.0 = Debug|Any CPU
		{D975ED0B-DD32-4428-B335-83EF3FD3C35B}.Debug|x64.Deploy.0 = Debug|Any CPU
		{D975ED0B-DD32-4428-B335-83EF3FD3C35B}.Debug|x86.ActiveCfg = Debug|Any CPU
		{D975ED0B-DD32-4428-B335-83EF3FD3C35B}.Release|Any CPU.ActiveCfg = Release|Any CPU
		{D975ED0B-DD32-4428-B335-83EF3FD3C35B}.Release|Any CPU.Build.0 = Release|Any CPU
		{D975ED0B-DD32-4428-B335-83EF3FD3C35B}.Release|ARM.ActiveCfg = Release|Any CPU
		{D975ED0B-DD32-4428-B335-83EF3FD3C35B}.Release|ARM.Build.0 = Release|Any CPU
		{D975ED0B-DD32-4428-B335-83EF3FD3C35B}.Release|ARM.Deploy.0 = Release|Any CPU
		{D975ED0B-DD32-4428-B335-83EF3FD3C35B}.Release|ARM64.ActiveCfg = Release|Any CPU
		{D975ED0B-DD32-4428-B335-83EF3FD3C35B}.Release|ARM64.Build.0 = Release|Any CPU
		{D975ED0B-DD32-4428-B335-83EF3FD3C35B}.Release|ARM64.Deploy.0 = Release|Any CPU
		{D975ED0B-DD32-4428-B335-83EF3FD3C35B}.Release|iPhone.ActiveCfg = Release|Any CPU
		{D975ED0B-DD32-4428-B335-83EF3FD3C35B}.Release|iPhone.Build.0 = Release|Any CPU
		{D975ED0B-DD32-4428-B335-83EF3FD3C35B}.Release|iPhoneSimulator.ActiveCfg = Release|Any CPU
		{D975ED0B-DD32-4428-B335-83EF3FD3C35B}.Release|iPhoneSimulator.Build.0 = Release|Any CPU
		{D975ED0B-DD32-4428-B335-83EF3FD3C35B}.Release|x64.ActiveCfg = Release|Any CPU
		{D975ED0B-DD32-4428-B335-83EF3FD3C35B}.Release|x64.Build.0 = Release|Any CPU
		{D975ED0B-DD32-4428-B335-83EF3FD3C35B}.Release|x64.Deploy.0 = Release|Any CPU
		{D975ED0B-DD32-4428-B335-83EF3FD3C35B}.Release|x86.ActiveCfg = Release|Any CPU
		{D975ED0B-DD32-4428-B335-83EF3FD3C35B}.Release|x86.Build.0 = Release|Any CPU
		{D975ED0B-DD32-4428-B335-83EF3FD3C35B}.Release|x86.Deploy.0 = Release|Any CPU
		{29A96262-581A-4AC1-BD38-B4E08F7F928D}.Debug|Any CPU.ActiveCfg = Debug|iPhoneSimulator
		{29A96262-581A-4AC1-BD38-B4E08F7F928D}.Debug|ARM.ActiveCfg = Debug|iPhone
		{29A96262-581A-4AC1-BD38-B4E08F7F928D}.Debug|ARM64.ActiveCfg = Debug|iPhone
		{29A96262-581A-4AC1-BD38-B4E08F7F928D}.Debug|iPhone.ActiveCfg = Debug|iPhone
		{29A96262-581A-4AC1-BD38-B4E08F7F928D}.Debug|iPhone.Build.0 = Debug|iPhone
		{29A96262-581A-4AC1-BD38-B4E08F7F928D}.Debug|iPhoneSimulator.ActiveCfg = Debug|iPhoneSimulator
		{29A96262-581A-4AC1-BD38-B4E08F7F928D}.Debug|iPhoneSimulator.Build.0 = Debug|iPhoneSimulator
		{29A96262-581A-4AC1-BD38-B4E08F7F928D}.Debug|x64.ActiveCfg = Debug|iPhone
		{29A96262-581A-4AC1-BD38-B4E08F7F928D}.Debug|x86.ActiveCfg = Debug|iPhone
		{29A96262-581A-4AC1-BD38-B4E08F7F928D}.Release|Any CPU.ActiveCfg = Release|iPhoneSimulator
		{29A96262-581A-4AC1-BD38-B4E08F7F928D}.Release|Any CPU.Build.0 = Release|iPhoneSimulator
		{29A96262-581A-4AC1-BD38-B4E08F7F928D}.Release|ARM.ActiveCfg = Release|iPhone
		{29A96262-581A-4AC1-BD38-B4E08F7F928D}.Release|ARM64.ActiveCfg = Release|iPhone
		{29A96262-581A-4AC1-BD38-B4E08F7F928D}.Release|iPhone.ActiveCfg = Release|iPhone
		{29A96262-581A-4AC1-BD38-B4E08F7F928D}.Release|iPhone.Build.0 = Release|iPhone
		{29A96262-581A-4AC1-BD38-B4E08F7F928D}.Release|iPhoneSimulator.ActiveCfg = Release|iPhoneSimulator
		{29A96262-581A-4AC1-BD38-B4E08F7F928D}.Release|iPhoneSimulator.Build.0 = Release|iPhoneSimulator
		{29A96262-581A-4AC1-BD38-B4E08F7F928D}.Release|x64.ActiveCfg = Release|iPhone
		{29A96262-581A-4AC1-BD38-B4E08F7F928D}.Release|x86.ActiveCfg = Release|iPhone
		{695F8122-EF0E-4663-BE70-427CFF8B2DC0}.Debug|Any CPU.ActiveCfg = Debug|Any CPU
		{695F8122-EF0E-4663-BE70-427CFF8B2DC0}.Debug|Any CPU.Build.0 = Debug|Any CPU
		{695F8122-EF0E-4663-BE70-427CFF8B2DC0}.Debug|ARM.ActiveCfg = Debug|Any CPU
		{695F8122-EF0E-4663-BE70-427CFF8B2DC0}.Debug|ARM.Build.0 = Debug|Any CPU
		{695F8122-EF0E-4663-BE70-427CFF8B2DC0}.Debug|ARM64.ActiveCfg = Debug|Any CPU
		{695F8122-EF0E-4663-BE70-427CFF8B2DC0}.Debug|ARM64.Build.0 = Debug|Any CPU
		{695F8122-EF0E-4663-BE70-427CFF8B2DC0}.Debug|iPhone.ActiveCfg = Debug|Any CPU
		{695F8122-EF0E-4663-BE70-427CFF8B2DC0}.Debug|iPhone.Build.0 = Debug|Any CPU
		{695F8122-EF0E-4663-BE70-427CFF8B2DC0}.Debug|iPhoneSimulator.ActiveCfg = Debug|Any CPU
		{695F8122-EF0E-4663-BE70-427CFF8B2DC0}.Debug|iPhoneSimulator.Build.0 = Debug|Any CPU
		{695F8122-EF0E-4663-BE70-427CFF8B2DC0}.Debug|x64.ActiveCfg = Debug|Any CPU
		{695F8122-EF0E-4663-BE70-427CFF8B2DC0}.Debug|x64.Build.0 = Debug|Any CPU
		{695F8122-EF0E-4663-BE70-427CFF8B2DC0}.Debug|x86.ActiveCfg = Debug|Any CPU
		{695F8122-EF0E-4663-BE70-427CFF8B2DC0}.Debug|x86.Build.0 = Debug|Any CPU
		{695F8122-EF0E-4663-BE70-427CFF8B2DC0}.Release|Any CPU.ActiveCfg = Release|Any CPU
		{695F8122-EF0E-4663-BE70-427CFF8B2DC0}.Release|Any CPU.Build.0 = Release|Any CPU
		{695F8122-EF0E-4663-BE70-427CFF8B2DC0}.Release|ARM.ActiveCfg = Release|Any CPU
		{695F8122-EF0E-4663-BE70-427CFF8B2DC0}.Release|ARM.Build.0 = Release|Any CPU
		{695F8122-EF0E-4663-BE70-427CFF8B2DC0}.Release|ARM64.ActiveCfg = Release|Any CPU
		{695F8122-EF0E-4663-BE70-427CFF8B2DC0}.Release|ARM64.Build.0 = Release|Any CPU
		{695F8122-EF0E-4663-BE70-427CFF8B2DC0}.Release|iPhone.ActiveCfg = Release|Any CPU
		{695F8122-EF0E-4663-BE70-427CFF8B2DC0}.Release|iPhone.Build.0 = Release|Any CPU
		{695F8122-EF0E-4663-BE70-427CFF8B2DC0}.Release|iPhoneSimulator.ActiveCfg = Release|Any CPU
		{695F8122-EF0E-4663-BE70-427CFF8B2DC0}.Release|iPhoneSimulator.Build.0 = Release|Any CPU
		{695F8122-EF0E-4663-BE70-427CFF8B2DC0}.Release|x64.ActiveCfg = Release|Any CPU
		{695F8122-EF0E-4663-BE70-427CFF8B2DC0}.Release|x64.Build.0 = Release|Any CPU
		{695F8122-EF0E-4663-BE70-427CFF8B2DC0}.Release|x86.ActiveCfg = Release|Any CPU
		{695F8122-EF0E-4663-BE70-427CFF8B2DC0}.Release|x86.Build.0 = Release|Any CPU
		{D61C0D69-41D7-45EF-9B8A-D77A96BDFD26}.Debug|Any CPU.ActiveCfg = Debug|Any CPU
		{D61C0D69-41D7-45EF-9B8A-D77A96BDFD26}.Debug|Any CPU.Build.0 = Debug|Any CPU
		{D61C0D69-41D7-45EF-9B8A-D77A96BDFD26}.Debug|ARM.ActiveCfg = Debug|Any CPU
		{D61C0D69-41D7-45EF-9B8A-D77A96BDFD26}.Debug|ARM.Build.0 = Debug|Any CPU
		{D61C0D69-41D7-45EF-9B8A-D77A96BDFD26}.Debug|ARM64.ActiveCfg = Debug|Any CPU
		{D61C0D69-41D7-45EF-9B8A-D77A96BDFD26}.Debug|ARM64.Build.0 = Debug|Any CPU
		{D61C0D69-41D7-45EF-9B8A-D77A96BDFD26}.Debug|iPhone.ActiveCfg = Debug|Any CPU
		{D61C0D69-41D7-45EF-9B8A-D77A96BDFD26}.Debug|iPhoneSimulator.ActiveCfg = Debug|Any CPU
		{D61C0D69-41D7-45EF-9B8A-D77A96BDFD26}.Debug|x64.ActiveCfg = Debug|Any CPU
		{D61C0D69-41D7-45EF-9B8A-D77A96BDFD26}.Debug|x64.Build.0 = Debug|Any CPU
		{D61C0D69-41D7-45EF-9B8A-D77A96BDFD26}.Debug|x86.ActiveCfg = Debug|Any CPU
		{D61C0D69-41D7-45EF-9B8A-D77A96BDFD26}.Debug|x86.Build.0 = Debug|Any CPU
		{D61C0D69-41D7-45EF-9B8A-D77A96BDFD26}.Release|Any CPU.ActiveCfg = Release|Any CPU
		{D61C0D69-41D7-45EF-9B8A-D77A96BDFD26}.Release|Any CPU.Build.0 = Release|Any CPU
		{D61C0D69-41D7-45EF-9B8A-D77A96BDFD26}.Release|ARM.ActiveCfg = Release|Any CPU
		{D61C0D69-41D7-45EF-9B8A-D77A96BDFD26}.Release|ARM.Build.0 = Release|Any CPU
		{D61C0D69-41D7-45EF-9B8A-D77A96BDFD26}.Release|ARM64.ActiveCfg = Release|Any CPU
		{D61C0D69-41D7-45EF-9B8A-D77A96BDFD26}.Release|ARM64.Build.0 = Release|Any CPU
		{D61C0D69-41D7-45EF-9B8A-D77A96BDFD26}.Release|iPhone.ActiveCfg = Release|Any CPU
		{D61C0D69-41D7-45EF-9B8A-D77A96BDFD26}.Release|iPhone.Build.0 = Release|Any CPU
		{D61C0D69-41D7-45EF-9B8A-D77A96BDFD26}.Release|iPhoneSimulator.ActiveCfg = Release|Any CPU
		{D61C0D69-41D7-45EF-9B8A-D77A96BDFD26}.Release|iPhoneSimulator.Build.0 = Release|Any CPU
		{D61C0D69-41D7-45EF-9B8A-D77A96BDFD26}.Release|x64.ActiveCfg = Release|Any CPU
		{D61C0D69-41D7-45EF-9B8A-D77A96BDFD26}.Release|x64.Build.0 = Release|Any CPU
		{D61C0D69-41D7-45EF-9B8A-D77A96BDFD26}.Release|x86.ActiveCfg = Release|Any CPU
		{D61C0D69-41D7-45EF-9B8A-D77A96BDFD26}.Release|x86.Build.0 = Release|Any CPU
		{89D27263-5530-41CD-A66D-1760E44F4AC3}.Debug|Any CPU.ActiveCfg = Debug|x86
		{89D27263-5530-41CD-A66D-1760E44F4AC3}.Debug|Any CPU.Build.0 = Debug|x86
		{89D27263-5530-41CD-A66D-1760E44F4AC3}.Debug|Any CPU.Deploy.0 = Debug|x86
		{89D27263-5530-41CD-A66D-1760E44F4AC3}.Debug|ARM.ActiveCfg = Debug|ARM
		{89D27263-5530-41CD-A66D-1760E44F4AC3}.Debug|ARM.Build.0 = Debug|ARM
		{89D27263-5530-41CD-A66D-1760E44F4AC3}.Debug|ARM.Deploy.0 = Debug|ARM
		{89D27263-5530-41CD-A66D-1760E44F4AC3}.Debug|ARM64.ActiveCfg = Debug|ARM64
		{89D27263-5530-41CD-A66D-1760E44F4AC3}.Debug|ARM64.Build.0 = Debug|ARM64
		{89D27263-5530-41CD-A66D-1760E44F4AC3}.Debug|ARM64.Deploy.0 = Debug|ARM64
		{89D27263-5530-41CD-A66D-1760E44F4AC3}.Debug|iPhone.ActiveCfg = Debug|x86
		{89D27263-5530-41CD-A66D-1760E44F4AC3}.Debug|iPhoneSimulator.ActiveCfg = Debug|x86
		{89D27263-5530-41CD-A66D-1760E44F4AC3}.Debug|x64.ActiveCfg = Debug|x64
		{89D27263-5530-41CD-A66D-1760E44F4AC3}.Debug|x64.Build.0 = Debug|x64
		{89D27263-5530-41CD-A66D-1760E44F4AC3}.Debug|x64.Deploy.0 = Debug|x64
		{89D27263-5530-41CD-A66D-1760E44F4AC3}.Debug|x86.ActiveCfg = Debug|x86
		{89D27263-5530-41CD-A66D-1760E44F4AC3}.Debug|x86.Build.0 = Debug|x86
		{89D27263-5530-41CD-A66D-1760E44F4AC3}.Debug|x86.Deploy.0 = Debug|x86
		{89D27263-5530-41CD-A66D-1760E44F4AC3}.Release|Any CPU.ActiveCfg = Release|x86
		{89D27263-5530-41CD-A66D-1760E44F4AC3}.Release|ARM.ActiveCfg = Release|ARM
		{89D27263-5530-41CD-A66D-1760E44F4AC3}.Release|ARM.Build.0 = Release|ARM
		{89D27263-5530-41CD-A66D-1760E44F4AC3}.Release|ARM.Deploy.0 = Release|ARM
		{89D27263-5530-41CD-A66D-1760E44F4AC3}.Release|ARM64.ActiveCfg = Release|ARM64
		{89D27263-5530-41CD-A66D-1760E44F4AC3}.Release|ARM64.Build.0 = Release|ARM64
		{89D27263-5530-41CD-A66D-1760E44F4AC3}.Release|ARM64.Deploy.0 = Release|ARM64
		{89D27263-5530-41CD-A66D-1760E44F4AC3}.Release|iPhone.ActiveCfg = Release|x86
		{89D27263-5530-41CD-A66D-1760E44F4AC3}.Release|iPhoneSimulator.ActiveCfg = Release|x86
		{89D27263-5530-41CD-A66D-1760E44F4AC3}.Release|x64.ActiveCfg = Release|x64
		{89D27263-5530-41CD-A66D-1760E44F4AC3}.Release|x64.Build.0 = Release|x64
		{89D27263-5530-41CD-A66D-1760E44F4AC3}.Release|x64.Deploy.0 = Release|x64
		{89D27263-5530-41CD-A66D-1760E44F4AC3}.Release|x86.ActiveCfg = Release|x86
		{89D27263-5530-41CD-A66D-1760E44F4AC3}.Release|x86.Build.0 = Release|x86
		{89D27263-5530-41CD-A66D-1760E44F4AC3}.Release|x86.Deploy.0 = Release|x86
		{DC67550A-7557-469D-A0F8-C67B4125659D}.Debug|Any CPU.ActiveCfg = Debug|Any CPU
		{DC67550A-7557-469D-A0F8-C67B4125659D}.Debug|Any CPU.Build.0 = Debug|Any CPU
		{DC67550A-7557-469D-A0F8-C67B4125659D}.Debug|ARM.ActiveCfg = Debug|Any CPU
		{DC67550A-7557-469D-A0F8-C67B4125659D}.Debug|ARM.Build.0 = Debug|Any CPU
		{DC67550A-7557-469D-A0F8-C67B4125659D}.Debug|ARM64.ActiveCfg = Debug|Any CPU
		{DC67550A-7557-469D-A0F8-C67B4125659D}.Debug|ARM64.Build.0 = Debug|Any CPU
		{DC67550A-7557-469D-A0F8-C67B4125659D}.Debug|iPhone.ActiveCfg = Debug|Any CPU
		{DC67550A-7557-469D-A0F8-C67B4125659D}.Debug|iPhone.Build.0 = Debug|Any CPU
		{DC67550A-7557-469D-A0F8-C67B4125659D}.Debug|iPhoneSimulator.ActiveCfg = Debug|Any CPU
		{DC67550A-7557-469D-A0F8-C67B4125659D}.Debug|iPhoneSimulator.Build.0 = Debug|Any CPU
		{DC67550A-7557-469D-A0F8-C67B4125659D}.Debug|x64.ActiveCfg = Debug|Any CPU
		{DC67550A-7557-469D-A0F8-C67B4125659D}.Debug|x64.Build.0 = Debug|Any CPU
		{DC67550A-7557-469D-A0F8-C67B4125659D}.Debug|x86.ActiveCfg = Debug|Any CPU
		{DC67550A-7557-469D-A0F8-C67B4125659D}.Debug|x86.Build.0 = Debug|Any CPU
		{DC67550A-7557-469D-A0F8-C67B4125659D}.Release|Any CPU.ActiveCfg = Release|Any CPU
		{DC67550A-7557-469D-A0F8-C67B4125659D}.Release|Any CPU.Build.0 = Release|Any CPU
		{DC67550A-7557-469D-A0F8-C67B4125659D}.Release|ARM.ActiveCfg = Release|Any CPU
		{DC67550A-7557-469D-A0F8-C67B4125659D}.Release|ARM.Build.0 = Release|Any CPU
		{DC67550A-7557-469D-A0F8-C67B4125659D}.Release|ARM64.ActiveCfg = Release|Any CPU
		{DC67550A-7557-469D-A0F8-C67B4125659D}.Release|ARM64.Build.0 = Release|Any CPU
		{DC67550A-7557-469D-A0F8-C67B4125659D}.Release|iPhone.ActiveCfg = Release|Any CPU
		{DC67550A-7557-469D-A0F8-C67B4125659D}.Release|iPhone.Build.0 = Release|Any CPU
		{DC67550A-7557-469D-A0F8-C67B4125659D}.Release|iPhoneSimulator.ActiveCfg = Release|Any CPU
		{DC67550A-7557-469D-A0F8-C67B4125659D}.Release|iPhoneSimulator.Build.0 = Release|Any CPU
		{DC67550A-7557-469D-A0F8-C67B4125659D}.Release|x64.ActiveCfg = Release|Any CPU
		{DC67550A-7557-469D-A0F8-C67B4125659D}.Release|x64.Build.0 = Release|Any CPU
		{DC67550A-7557-469D-A0F8-C67B4125659D}.Release|x86.ActiveCfg = Release|Any CPU
		{DC67550A-7557-469D-A0F8-C67B4125659D}.Release|x86.Build.0 = Release|Any CPU
		{60AA1584-49E3-475F-A5B8-736737AA8CED}.Debug|Any CPU.ActiveCfg = Debug|Any CPU
		{60AA1584-49E3-475F-A5B8-736737AA8CED}.Debug|Any CPU.Build.0 = Debug|Any CPU
		{60AA1584-49E3-475F-A5B8-736737AA8CED}.Debug|ARM.ActiveCfg = Debug|Any CPU
		{60AA1584-49E3-475F-A5B8-736737AA8CED}.Debug|ARM.Build.0 = Debug|Any CPU
		{60AA1584-49E3-475F-A5B8-736737AA8CED}.Debug|ARM64.ActiveCfg = Debug|Any CPU
		{60AA1584-49E3-475F-A5B8-736737AA8CED}.Debug|ARM64.Build.0 = Debug|Any CPU
		{60AA1584-49E3-475F-A5B8-736737AA8CED}.Debug|iPhone.ActiveCfg = Debug|Any CPU
		{60AA1584-49E3-475F-A5B8-736737AA8CED}.Debug|iPhone.Build.0 = Debug|Any CPU
		{60AA1584-49E3-475F-A5B8-736737AA8CED}.Debug|iPhoneSimulator.ActiveCfg = Debug|Any CPU
		{60AA1584-49E3-475F-A5B8-736737AA8CED}.Debug|iPhoneSimulator.Build.0 = Debug|Any CPU
		{60AA1584-49E3-475F-A5B8-736737AA8CED}.Debug|x64.ActiveCfg = Debug|Any CPU
		{60AA1584-49E3-475F-A5B8-736737AA8CED}.Debug|x64.Build.0 = Debug|Any CPU
		{60AA1584-49E3-475F-A5B8-736737AA8CED}.Debug|x86.ActiveCfg = Debug|Any CPU
		{60AA1584-49E3-475F-A5B8-736737AA8CED}.Debug|x86.Build.0 = Debug|Any CPU
		{60AA1584-49E3-475F-A5B8-736737AA8CED}.Release|Any CPU.ActiveCfg = Release|Any CPU
		{60AA1584-49E3-475F-A5B8-736737AA8CED}.Release|Any CPU.Build.0 = Release|Any CPU
		{60AA1584-49E3-475F-A5B8-736737AA8CED}.Release|ARM.ActiveCfg = Release|Any CPU
		{60AA1584-49E3-475F-A5B8-736737AA8CED}.Release|ARM.Build.0 = Release|Any CPU
		{60AA1584-49E3-475F-A5B8-736737AA8CED}.Release|ARM64.ActiveCfg = Release|Any CPU
		{60AA1584-49E3-475F-A5B8-736737AA8CED}.Release|ARM64.Build.0 = Release|Any CPU
		{60AA1584-49E3-475F-A5B8-736737AA8CED}.Release|iPhone.ActiveCfg = Release|Any CPU
		{60AA1584-49E3-475F-A5B8-736737AA8CED}.Release|iPhone.Build.0 = Release|Any CPU
		{60AA1584-49E3-475F-A5B8-736737AA8CED}.Release|iPhoneSimulator.ActiveCfg = Release|Any CPU
		{60AA1584-49E3-475F-A5B8-736737AA8CED}.Release|iPhoneSimulator.Build.0 = Release|Any CPU
		{60AA1584-49E3-475F-A5B8-736737AA8CED}.Release|x64.ActiveCfg = Release|Any CPU
		{60AA1584-49E3-475F-A5B8-736737AA8CED}.Release|x64.Build.0 = Release|Any CPU
		{60AA1584-49E3-475F-A5B8-736737AA8CED}.Release|x86.ActiveCfg = Release|Any CPU
		{60AA1584-49E3-475F-A5B8-736737AA8CED}.Release|x86.Build.0 = Release|Any CPU
	EndGlobalSection
	GlobalSection(SolutionProperties) = preSolution
		HideSolutionNode = FALSE
	EndGlobalSection
	GlobalSection(NestedProjects) = preSolution
		{D975ED0B-DD32-4428-B335-83EF3FD3C35B} = {76A01D7E-9530-4218-BCBC-96AB1BAB1360}
		{29A96262-581A-4AC1-BD38-B4E08F7F928D} = {76A01D7E-9530-4218-BCBC-96AB1BAB1360}
		{695F8122-EF0E-4663-BE70-427CFF8B2DC0} = {76A01D7E-9530-4218-BCBC-96AB1BAB1360}
		{D61C0D69-41D7-45EF-9B8A-D77A96BDFD26} = {76A01D7E-9530-4218-BCBC-96AB1BAB1360}
		{89D27263-5530-41CD-A66D-1760E44F4AC3} = {76A01D7E-9530-4218-BCBC-96AB1BAB1360}
		{1B08709E-FBB4-47A5-9CD5-6FD01F8DBD78} = {C0392AD9-0CC2-4D48-857C-B5A8DCBB9DB4}
		{DC67550A-7557-469D-A0F8-C67B4125659D} = {1B08709E-FBB4-47A5-9CD5-6FD01F8DBD78}
		{60AA1584-49E3-475F-A5B8-736737AA8CED} = {76A01D7E-9530-4218-BCBC-96AB1BAB1360}
	EndGlobalSection
	GlobalSection(ExtensibilityGlobals) = postSolution
		SolutionGuid = {C0AA4122-6575-4868-8716-DB1CA4AEC0C3}
	EndGlobalSection
EndGlobal
